version = 1
revision = 3
requires-python = ">=3.9, <3.11"
resolution-markers = [
    "python_full_version >= '3.10'",
    "python_full_version < '3.10'",
]

[[package]]
name = "cbor2"
version = "5.9.0"
source = { registry = "https://pypi.org/simple" }
resolution-markers = [
    "python_full_version < '3.10'",
]
sdist = { url = "https://files.pythonhosted.org/packages/bd/cb/09939728be094d155b5d4ac262e39877875f5f7e36eea66beb359f647bd0/cbor2-5.9.0.tar.gz", hash = "sha256:85c7a46279ac8f226e1059275221e6b3d0e370d2bb6bd0500f9780781615bcea", size = 111231, upload-time = "2026-03-22T15:56:50.638Z" }
wheels = [
    { url = "https://files.pythonhosted.org/packages/e0/bf/12b337e5354e47f6378da18989480c0c1e2cc5fe9b865e6fab45d6332aa6/cbor2-5.9.0-cp310-cp310-macosx_11_0_arm64.whl", hash = "sha256:55bea0dd9a7d354e35f4e5fe58ceab393e76962713749dc3a0a64a0e5d19545e", size = 70577, upload-time = "2026-03-22T15:55:54.174Z" },
    { url = "https://files.pythonhosted.org/packages/45/7b/74c524ce81c1ddc6c44b4865028ffb7d3a8e7ae653b1061650375a28cbb1/cbor2-5.9.0-cp310-cp310-manylinux2014_aarch64.manylinux_2_17_aarch64.manylinux_2_28_aarch64.whl", hash = "sha256:3095dc49e75572841a9534cbfdabc2a17487ea4ee33341436abc4a7ac7245a3a", size = 261074, upload-time = "2026-03-22T15:55:55.654Z" },
    { url = "https://files.pythonhosted.org/packages/4b/97/c496c71422b2ca18ff2acc5f49e8c45cd7294b7df1359eccec78021b428e/cbor2-5.9.0-cp310-cp310-manylinux2014_x86_64.manylinux_2_17_x86_64.manylinux_2_28_x86_64.whl", hash = "sha256:25bec7beb2089465382b1be72e78667fe9090598800826559c3e3008cf0db743", size = 255498, upload-time = "2026-03-22T15:55:57.256Z" },
    { url = "https://files.pythonhosted.org/packages/c2/40/9bd7e66dba7aea674a440e004faea406de42c49aeac23453954b67768532/cbor2-5.9.0-cp310-cp310-musllinux_1_2_aarch64.whl", hash = "sha256:cc5efec69055c3c470997935d95762be7e4bfd1248d88fb1a33bb7e0f45712e9", size = 255683, upload-time = "2026-03-22T15:55:58.721Z" },
    { url = "https://files.pythonhosted.org/packages/b3/d1/fa3e158dbe4c08091495b720c604624b285bc272afdbcfac2150725d955b/cbor2-5.9.0-cp310-cp310-musllinux_1_2_x86_64.whl", hash = "sha256:420d2490c7836c81151b4bd591c35cffc55391e33e7e333c50fda391bcea7d31", size = 250798, upload-time = "2026-03-22T15:55:59.953Z" },
    { url = "https://files.pythonhosted.org/packages/7c/16/3186084b441c4b0caebfaaa2c66a57bde82ceaacd469570c77c8030b6b95/cbor2-5.9.0-cp310-cp310-win_amd64.whl", hash = "sha256:d1a21c006760f95acd9509cc5a7d15d6fc82e58f721f94fa9039b4e77189a6e5", size = 69436, upload-time = "2026-03-22T15:56:01.466Z" },
    { url = "https://files.pythonhosted.org/packages/36/1f/57d00cd13e0f9391bcd616795aa78409210a7464570fe21e3b9cd42eb5a7/cbor2-5.9.0-cp310-cp310-win_arm64.whl", hash = "sha256:08388ea54195738602b4c4999966bcaef6f0b17d293c9658658409d9fff96f57", size = 65312, upload-time = "2026-03-22T15:56:02.804Z" },
    { url = "https://files.pythonhosted.org/packages/a0/17/f052f558e29f90ed29f9a42263232f6f059fd7bbf1b5d27e3867f9356375/cbor2-5.9.0-cp39-cp39-macosx_11_0_arm64.whl", hash = "sha256:1da96ce5d852fe3d342c1eb2c202a52d1c97edfddc9230f1be7e02674662bf26", size = 70582, upload-time = "2026-03-22T15:56:40.441Z" },
    { url = "https://files.pythonhosted.org/packages/41/fb/91fa1b15b525577ec20a8904f22d8e97eb81164f6663705539e89acdde8f/cbor2-5.9.0-cp39-cp39-manylinux2014_aarch64.manylinux_2_17_aarch64.manylinux_2_28_aarch64.whl", hash = "sha256:65f8eac3268c608533f326f0fd9010ab1b2a8a917b05edaf3853116336821669", size = 260147, upload-time = "2026-03-22T15:56:41.932Z" },
    { url = "https://files.pythonhosted.org/packages/15/12/4013441f8fccca0c5bff043c6ff8b86fde03c5da8b41a22694d49af02b3e/cbor2-5.9.0-cp39-cp39-manylinux2014_x86_64.manylinux_2_17_x86_64.manylinux_2_28_x86_64.whl", hash = "sha256:f797532d13469f2193e5c16e827d8df7a8c33674b19be755790b54ab231e6a73", size = 254507, upload-time = "2026-03-22T15:56:43.167Z" },
    { url = "https://files.pythonhosted.org/packages/d7/26/b96e357ca8554a5458939bc9a7a6f83a494ce15470c96d02f79188fa81c7/cbor2-5.9.0-cp39-cp39-musllinux_1_2_aarch64.whl", hash = "sha256:fbdcf4d74acbeb7672e6413e81cd2c1ced1a4a8cf949484ac54e9af5265c3c72", size = 254592, upload-time = "2026-03-22T15:56:44.402Z" },
    { url = "https://files.pythonhosted.org/packages/1d/06/db0fcac41763153e20aca5a096ee3727bfc591d7825daa5bad493bb99b6d/cbor2-5.9.0-cp39-cp39-musllinux_1_2_x86_64.whl", hash = "sha256:53cfa49e0df9c639beb871d480de098eedc81eb63ff29f2dc922720d7577b676", size = 249671, upload-time = "2026-03-22T15:56:45.581Z" },
    { url = "https://files.pythonhosted.org/packages/25/9e/484d2b68f2e720add45e3d0d61976fe2abd86dea31ec13038fb630097ef1/cbor2-5.9.0-cp39-cp39-win_amd64.whl", hash = "sha256:f29e5c3abcc91c1aeefecde0e057bf33f1655588d3065c6560c30ceb3be6f333", size = 69511, upload-time = "2026-03-22T15:56:46.685Z" },
    { url = "https://files.pythonhosted.org/packages/e7/cd/b6653d28c6ebb42402c2d22044108ee59ff4d064eae435ce20894a4847ec/cbor2-5.9.0-cp39-cp39-win_arm64.whl", hash = "sha256:d8524a8c142c3cc228e635f8a97499a6c0b18ca91382e8276565658035cdcb6d", size = 65375, upload-time = "2026-03-22T15:56:47.73Z" },
    { url = "https://files.pythonhosted.org/packages/42/ff/b83492b096fbef26e9cb62c1a4bf2d3cef579ea7b33138c6c37c4ae66f67/cbor2-5.9.0-py3-none-any.whl", hash = "sha256:27695cbd70c90b8de5c4a284642c2836449b14e2c2e07e3ffe0744cb7669a01b", size = 24627, upload-time = "2026-03-22T15:56:48.847Z" },
]

[[package]]
name = "cbor2"
version = "6.0.1"
source = { registry = "https://pypi.org/simple" }
resolution-markers = [
    "python_full_version >= '3.10'",
]
sdist = { url = "https://files.pythonhosted.org/packages/3e/fe/5d7f37d51ec21cccf9ae14a42a674907b8385779e639482f83c6eff1bcee/cbor2-6.0.1.tar.gz", hash = "sha256:46a745c296ec336fe83fa7905b77b4faa243eb32bb84fab1cfdb0e4636d1985b", size = 84191, upload-time = "2026-04-28T21:23:37.629Z" }
wheels = [
    { url = "https://files.pythonhosted.org/packages/a3/2e/80711ed51bc703d91650bf0bb01d0901a136df1bd46f6c5acce757f45628/cbor2-6.0.1-cp310-cp310-macosx_11_0_arm64.whl", hash = "sha256:e08983e898c9ed663d896bd3c9b70b79d220976b077ee6407614ad8bb742a9c5", size = 401847, upload-time = "2026-04-28T21:22:31.221Z" },
    { url = "https://files.pythonhosted.org/packages/07/5d/1ee9433098a282457dcb4342c3de1493a195b0f155493bd0e3c58bdd856f/cbor2-6.0.1-cp310-cp310-manylinux_2_28_aarch64.whl", hash = "sha256:68448f04972484cd6edb50a816198ed3a7ccc1cbbcceab90e4e6ac04abc68a84", size = 448992, upload-time = "2026-04-28T21:22:33.043Z" },
    { url = "https://files.pythonhosted.org/packages/4f/98/696741927f550c39d749c01f2b326d936f7d4b625049e9bd447d0737b836/cbor2-6.0.1-cp310-cp310-manylinux_2_28_x86_64.whl", hash = "sha256:0c019daa823c46edf111aea7e600cc4de5825695c0088b35bb1388bd2ea9734b", size = 459109, upload-time = "2026-04-28T21:22:34.754Z" },
    { url = "https://files.pythonhosted.org/packages/1f/99/2521f3180695e239c904dfe153987cdf51faeacf59d88845d653223b99ce/cbor2-6.0.1-cp310-cp310-musllinux_1_2_aarch64.whl", hash = "sha256:5edd913cfe8e3e25b2c9fff5fb3f519222212f751fc3cf7e4ef492146115c50e", size = 515180, upload-time = "2026-04-28T21:22:36.653Z" },
    { url = "https://files.pythonhosted.org/packages/03/ab/f460a518d0a5634100a9eace551b2f345bbfb322d238f89bdf43c5316ca5/cbor2-6.0.1-cp310-cp310-musllinux_1_2_x86_64.whl", hash = "sha256:3969d41449a42887a716a5b3ab3335fc6a9c67cb2e95164d0fd126641a1e96e6", size = 525486, upload-time = "2026-04-28T21:22:38.379Z" },
    { url = "https://files.pythonhosted.org/packages/b3/53/8723adacead95b4428fab81bd1d629e260129301eb1d0f82358c52560caa/cbor2-6.0.1-cp310-cp310-win_amd64.whl", hash = "sha256:16c6f9852630f687fbf3fe0565218844d92fd2a0bcad9babf041d8881d2022a1", size = 288714, upload-time = "2026-04-28T21:22:39.674Z" },
    { url = "https://files.pythonhosted.org/packages/5d/ce/522865bde8831819f28763f995b39fe67289ef99486c6254917e10304b67/cbor2-6.0.1-cp310-cp310-win_arm64.whl", hash = "sha256:6e06ce3f551979fbd3632df0f2062674f8aadc4231e84041f02f6e7155f149a9", size = 281087, upload-time = "2026-04-28T21:22:41.045Z" },
]

[[package]]
name = "numpy"
version = "2.0.2"
source = { registry = "https://pypi.org/simple" }
resolution-markers = [
    "python_full_version < '3.10'",
]
sdist = { url = "https://files.pythonhosted.org/packages/a9/75/10dd1f8116a8b796cb2c737b674e02d02e80454bda953fa7e65d8c12b016/numpy-2.0.2.tar.gz", hash = "sha256:883c987dee1880e2a864ab0dc9892292582510604156762362d9326444636e78", size = 18902015, upload-time = "2024-08-26T20:19:40.945Z" }
wheels = [
    { url = "https://files.pythonhosted.org/packages/21/91/3495b3237510f79f5d81f2508f9f13fea78ebfdf07538fc7444badda173d/numpy-2.0.2-cp310-cp310-macosx_10_9_x86_64.whl", hash = "sha256:51129a29dbe56f9ca83438b706e2e69a39892b5eda6cedcb6b0c9fdc9b0d3ece", size = 21165245, upload-time = "2024-08-26T20:04:14.625Z" },
    { url = "https://files.pythonhosted.org/packages/05/33/26178c7d437a87082d11019292dce6d3fe6f0e9026b7b2309cbf3e489b1d/numpy-2.0.2-cp310-cp310-macosx_11_0_arm64.whl", hash = "sha256:f15975dfec0cf2239224d80e32c3170b1d168335eaedee69da84fbe9f1f9cd04", size = 13738540, upload-time = "2024-08-26T20:04:36.784Z" },
    { url = "https://files.pythonhosted.org/packages/ec/31/cc46e13bf07644efc7a4bf68df2df5fb2a1a88d0cd0da9ddc84dc0033e51/numpy-2.0.2-cp310-cp310-macosx_14_0_arm64.whl", hash = "sha256:8c5713284ce4e282544c68d1c3b2c7161d38c256d2eefc93c1d683cf47683e66", size = 5300623, upload-time = "2024-08-26T20:04:46.491Z" },
    { url = "https://files.pythonhosted.org/packages/6e/16/7bfcebf27bb4f9d7ec67332ffebee4d1bf085c84246552d52dbb548600e7/numpy-2.0.2-cp310-cp310-macosx_14_0_x86_64.whl", hash = "sha256:becfae3ddd30736fe1889a37f1f580e245ba79a5855bff5f2a29cb3ccc22dd7b", size = 6901774, upload-time = "2024-08-26T20:04:58.173Z" },
    { url = "https://files.pythonhosted.org/packages/f9/a3/561c531c0e8bf082c5bef509d00d56f82e0ea7e1e3e3a7fc8fa78742a6e5/numpy-2.0.2-cp310-cp310-manylinux_2_17_aarch64.manylinux2014_aarch64.whl", hash = "sha256:2da5960c3cf0df7eafefd806d4e612c5e19358de82cb3c343631188991566ccd", size = 13907081, upload-time = "2024-08-26T20:05:19.098Z" },
    { url = "https://files.pythonhosted.org/packages/fa/66/f7177ab331876200ac7563a580140643d1179c8b4b6a6b0fc9838de2a9b8/numpy-2.0.2-cp310-cp310-manylinux_2_17_x86_64.manylinux2014_x86_64.whl", hash = "sha256:496f71341824ed9f3d2fd36cf3ac57ae2e0165c143b55c3a035ee219413f3318", size = 19523451, upload-time = "2024-08-26T20:05:47.479Z" },
    { url = "https://files.pythonhosted.org/packages/25/7f/0b209498009ad6453e4efc2c65bcdf0ae08a182b2b7877d7ab38a92dc542/numpy-2.0.2-cp310-cp310-musllinux_1_1_x86_64.whl", hash = "sha256:a61ec659f68ae254e4d237816e33171497e978140353c0c2038d46e63282d0c8", size = 19927572, upload-time = "2024-08-26T20:06:17.137Z" },
    { url = "https://files.pythonhosted.org/packages/3e/df/2619393b1e1b565cd2d4c4403bdd979621e2c4dea1f8532754b2598ed63b/numpy-2.0.2-cp310-cp310-musllinux_1_2_aarch64.whl", hash = "sha256:d731a1c6116ba289c1e9ee714b08a8ff882944d4ad631fd411106a30f083c326", size = 14400722, upload-time = "2024-08-26T20:06:39.16Z" },
    { url = "https://files.pythonhosted.org/packages/22/ad/77e921b9f256d5da36424ffb711ae79ca3f451ff8489eeca544d0701d74a/numpy-2.0.2-cp310-cp310-win32.whl", hash = "sha256:984d96121c9f9616cd33fbd0618b7f08e0cfc9600a7ee1d6fd9b239186d19d97", size = 6472170, upload-time = "2024-08-26T20:06:50.361Z" },
    { url = "https://files.pythonhosted.org/packages/10/05/3442317535028bc29cf0c0dd4c191a4481e8376e9f0db6bcf29703cadae6/numpy-2.0.2-cp310-cp310-win_amd64.whl", hash = "sha256:c7b0be4ef08607dd04da4092faee0b86607f111d5ae68036f16cc787e250a131", size = 15905558, upload-time = "2024-08-26T20:07:13.881Z" },
    { url = "https://files.pythonhosted.org/packages/43/c1/41c8f6df3162b0c6ffd4437d729115704bd43363de0090c7f913cfbc2d89/numpy-2.0.2-cp39-cp39-macosx_10_9_x86_64.whl", hash = "sha256:9059e10581ce4093f735ed23f3b9d283b9d517ff46009ddd485f1747eb22653c", size = 21169942, upload-time = "2024-08-26T20:14:40.108Z" },
    { url = "https://files.pythonhosted.org/packages/39/bc/fd298f308dcd232b56a4031fd6ddf11c43f9917fbc937e53762f7b5a3bb1/numpy-2.0.2-cp39-cp39-macosx_11_0_arm64.whl", hash = "sha256:423e89b23490805d2a5a96fe40ec507407b8ee786d66f7328be214f9679df6dd", size = 13711512, upload-time = "2024-08-26T20:15:00.985Z" },
    { url = "https://files.pythonhosted.org/packages/96/ff/06d1aa3eeb1c614eda245c1ba4fb88c483bee6520d361641331872ac4b82/numpy-2.0.2-cp39-cp39-macosx_14_0_arm64.whl", hash = "sha256:2b2955fa6f11907cf7a70dab0d0755159bca87755e831e47932367fc8f2f2d0b", size = 5306976, upload-time = "2024-08-26T20:15:10.876Z" },
    { url = "https://files.pythonhosted.org/packages/2d/98/121996dcfb10a6087a05e54453e28e58694a7db62c5a5a29cee14c6e047b/numpy-2.0.2-cp39-cp39-macosx_14_0_x86_64.whl", hash = "sha256:97032a27bd9d8988b9a97a8c4d2c9f2c15a81f61e2f21404d7e8ef00cb5be729", size = 6906494, upload-time = "2024-08-26T20:15:22.055Z" },
    { url = "https://files.pythonhosted.org/packages/15/31/9dffc70da6b9bbf7968f6551967fc21156207366272c2a40b4ed6008dc9b/numpy-2.0.2-cp39-cp39-manylinux_2_17_aarch64.manylinux2014_aarch64.whl", hash = "sha256:1e795a8be3ddbac43274f18588329c72939870a16cae810c2b73461c40718ab1", size = 13912596, upload-time = "2024-08-26T20:15:42.452Z" },
    { url = "https://files.pythonhosted.org/packages/b9/14/78635daab4b07c0930c919d451b8bf8c164774e6a3413aed04a6d95758ce/numpy-2.0.2-cp39-cp39-manylinux_2_17_x86_64.manylinux2014_x86_64.whl", hash = "sha256:f26b258c385842546006213344c50655ff1555a9338e2e5e02a0756dc3e803dd", size = 19526099, upload-time = "2024-08-26T20:16:11.048Z" },
    { url = "https://files.pythonhosted.org/packages/26/4c/0eeca4614003077f68bfe7aac8b7496f04221865b3a5e7cb230c9d055afd/numpy-2.0.2-cp39-cp39-musllinux_1_1_x86_64.whl", hash = "sha256:5fec9451a7789926bcf7c2b8d187292c9f93ea30284802a0ab3f5be8ab36865d", size = 19932823, upload-time = "2024-08-26T20:16:40.171Z" },
    { url = "https://files.pythonhosted.org/packages/f1/46/ea25b98b13dccaebddf1a803f8c748680d972e00507cd9bc6dcdb5aa2ac1/numpy-2.0.2-cp39-cp39-musllinux_1_2_aarch64.whl", hash = "sha256:9189427407d88ff25ecf8f12469d4d39d35bee1db5d39fc5c168c6f088a6956d", size = 14404424, upload-time = "2024-08-26T20:17:02.604Z" },
    { url = "https://files.pythonhosted.org/packages/c8/a6/177dd88d95ecf07e722d21008b1b40e681a929eb9e329684d449c36586b2/numpy-2.0.2-cp39-cp39-win32.whl", hash = "sha256:905d16e0c60200656500c95b6b8dca5d109e23cb24abc701d41c02d74c6b3afa", size = 6476809, upload-time = "2024-08-26T20:17:13.553Z" },
    { url = "https://files.pythonhosted.org/packages/ea/2b/7fc9f4e7ae5b507c1a3a21f0f15ed03e794c1242ea8a242ac158beb56034/numpy-2.0.2-cp39-cp39-win_amd64.whl", hash = "sha256:a3f4ab0caa7f053f6797fcd4e1e25caee367db3112ef2b6ef82d749530768c73", size = 15911314, upload-time = "2024-08-26T20:17:36.72Z" },
    { url = "https://files.pythonhosted.org/packages/8f/3b/df5a870ac6a3be3a86856ce195ef42eec7ae50d2a202be1f5a4b3b340e14/numpy-2.0.2-pp39-pypy39_pp73-macosx_10_9_x86_64.whl", hash = "sha256:7f0a0c6f12e07fa94133c8a67404322845220c06a9e80e85999afe727f7438b8", size = 21025288, upload-time = "2024-08-26T20:18:07.732Z" },
    { url = "https://files.pythonhosted.org/packages/2c/97/51af92f18d6f6f2d9ad8b482a99fb74e142d71372da5d834b3a2747a446e/numpy-2.0.2-pp39-pypy39_pp73-macosx_14_0_x86_64.whl", hash = "sha256:312950fdd060354350ed123c0e25a71327d3711584beaef30cdaa93320c392d4", size = 6762793, upload-time = "2024-08-26T20:18:19.125Z" },
    { url = "https://files.pythonhosted.org/packages/12/46/de1fbd0c1b5ccaa7f9a005b66761533e2f6a3e560096682683a223631fe9/numpy-2.0.2-pp39-pypy39_pp73-manylinux_2_17_x86_64.manylinux2014_x86_64.whl", hash = "sha256:26df23238872200f63518dd2aa984cfca675d82469535dc7162dc2ee52d9dd5c", size = 19334885, upload-time = "2024-08-26T20:18:47.237Z" },
    { url = "https://files.pythonhosted.org/packages/cc/dc/d330a6faefd92b446ec0f0dfea4c3207bb1fef3c4771d19cf4543efd2c78/numpy-2.0.2-pp39-pypy39_pp73-win_amd64.whl", hash = "sha256:a46288ec55ebbd58947d31d72be2c63cbf839f0a63b49cb755022310792a3385", size = 15828784, upload-time = "2024-08-26T20:19:11.19Z" },
]

[[package]]
name = "numpy"
version = "2.2.6"
source = { registry = "https://pypi.org/simple" }
resolution-markers = [
    "python_full_version >= '3.10'",
]
sdist = { url = "https://files.pythonhosted.org/packages/76/21/7d2a95e4bba9dc13d043ee156a356c0a8f0c6309dff6b21b4d71a073b8a8/numpy-2.2.6.tar.gz", hash = "sha256:e29554e2bef54a90aa5cc07da6ce955accb83f21ab5de01a62c8478897b264fd", size = 20276440, upload-time = "2025-05-17T22:38:04.611Z" }
wheels = [
    { url = "https://files.pythonhosted.org/packages/9a/3e/ed6db5be21ce87955c0cbd3009f2803f59fa08df21b5df06862e2d8e2bdd/numpy-2.2.6-cp310-cp310-macosx_10_9_x86_64.whl", hash = "sha256:b412caa66f72040e6d268491a59f2c43bf03eb6c96dd8f0307829feb7fa2b6fb", size = 21165245, upload-time = "2025-05-17T21:27:58.555Z" },
    { url = "https://files.pythonhosted.org/packages/22/c2/4b9221495b2a132cc9d2eb862e21d42a009f5a60e45fc44b00118c174bff/numpy-2.2.6-cp310-cp310-macosx_11_0_arm64.whl", hash = "sha256:8e41fd67c52b86603a91c1a505ebaef50b3314de0213461c7a6e99c9a3beff90", size = 14360048, upload-time = "2025-05-17T21:28:21.406Z" },
    { url = "https://files.pythonhosted.org/packages/fd/77/dc2fcfc66943c6410e2bf598062f5959372735ffda175b39906d54f02349/numpy-2.2.6-cp310-cp310-macosx_14_0_arm64.whl", hash = "sha256:37e990a01ae6ec7fe7fa1c26c55ecb672dd98b19c3d0e1d1f326fa13cb38d163", size = 5340542, upload-time = "2025-05-17T21:28:30.931Z" },
    { url = "https://files.pythonhosted.org/packages/7a/4f/1cb5fdc353a5f5cc7feb692db9b8ec2c3d6405453f982435efc52561df58/numpy-2.2.6-cp310-cp310-macosx_14_0_x86_64.whl", hash = "sha256:5a6429d4be8ca66d889b7cf70f536a397dc45ba6faeb5f8c5427935d9592e9cf", size = 6878301, upload-time = "2025-05-17T21:28:41.613Z" },
    { url = "https://files.pythonhosted.org/packages/eb/17/96a3acd228cec142fcb8723bd3cc39c2a474f7dcf0a5d16731980bcafa95/numpy-2.2.6-cp310-cp310-manylinux_2_17_aarch64.manylinux2014_aarch64.whl", hash = "sha256:efd28d4e9cd7d7a8d39074a4d44c63eda73401580c5c76acda2ce969e0a38e83", size = 14297320, upload-time = "2025-05-17T21:29:02.78Z" },
    { url = "https://files.pythonhosted.org/packages/b4/63/3de6a34ad7ad6646ac7d2f55ebc6ad439dbbf9c4370017c50cf403fb19b5/numpy-2.2.6-cp310-cp310-manylinux_2_17_x86_64.manylinux2014_x86_64.whl", hash = "sha256:fc7b73d02efb0e18c000e9ad8b83480dfcd5dfd11065997ed4c6747470ae8915", size = 16801050, upload-time = "2025-05-17T21:29:27.675Z" },
    { url = "https://files.pythonhosted.org/packages/07/b6/89d837eddef52b3d0cec5c6ba0456c1bf1b9ef6a6672fc2b7873c3ec4e2e/numpy-2.2.6-cp310-cp310-musllinux_1_2_aarch64.whl", hash = "sha256:74d4531beb257d2c3f4b261bfb0fc09e0f9ebb8842d82a7b4209415896adc680", size = 15807034, upload-time = "2025-05-17T21:29:51.102Z" },
    { url = "https://files.pythonhosted.org/packages/01/c8/dc6ae86e3c61cfec1f178e5c9f7858584049b6093f843bca541f94120920/numpy-2.2.6-cp310-cp310-musllinux_1_2_x86_64.whl", hash = "sha256:8fc377d995680230e83241d8a96def29f204b5782f371c532579b4f20607a289", size = 18614185, upload-time = "2025-05-17T21:30:18.703Z" },
    { url = "https://files.pythonhosted.org/packages/5b/c5/0064b1b7e7c89137b471ccec1fd2282fceaae0ab3a9550f2568782d80357/numpy-2.2.6-cp310-cp310-win32.whl", hash = "sha256:b093dd74e50a8cba3e873868d9e93a85b78e0daf2e98c6797566ad8044e8363d", size = 6527149, upload-time = "2025-05-17T21:30:29.788Z" },
    { url = "https://files.pythonhosted.org/packages/a3/dd/4b822569d6b96c39d1215dbae0582fd99954dcbcf0c1a13c61783feaca3f/numpy-2.2.6-cp310-cp310-win_amd64.whl", hash = "sha256:f0fd6321b839904e15c46e0d257fdd101dd7f530fe03fd6359c1ea63738703f3", size = 12904620, upload-time = "2025-05-17T21:30:48.994Z" },
    { url = "https://files.pythonhosted.org/packages/9e/3b/d94a75f4dbf1ef5d321523ecac21ef23a3cd2ac8b78ae2aac40873590229/numpy-2.2.6-pp310-pypy310_pp73-macosx_10_15_x86_64.whl", hash = "sha256:0b605b275d7bd0c640cad4e5d30fa701a8d59302e127e5f79138ad62762c3e3d", size = 21040391, upload-time = "2025-05-17T21:44:35.948Z" },
    { url = "https://files.pythonhosted.org/packages/17/f4/09b2fa1b58f0fb4f7c7963a1649c64c4d315752240377ed74d9cd878f7b5/numpy-2.2.6-pp310-pypy310_pp73-macosx_14_0_x86_64.whl", hash = "sha256:7befc596a7dc9da8a337f79802ee8adb30a552a94f792b9c9d18c840055907db", size = 6786754, upload-time = "2025-05-17T21:44:47.446Z" },
    { url = "https://files.pythonhosted.org/packages/af/30/feba75f143bdc868a1cc3f44ccfa6c4b9ec522b36458e738cd00f67b573f/numpy-2.2.6-pp310-pypy310_pp73-manylinux_2_17_x86_64.manylinux2014_x86_64.whl", hash = "sha256:ce47521a4754c8f4593837384bd3424880629f718d87c5d44f8ed763edd63543", size = 16643476, upload-time = "2025-05-17T21:45:11.871Z" },
    { url = "https://files.pythonhosted.org/packages/37/48/ac2a9584402fb6c0cd5b5d1a91dcf176b15760130dd386bbafdbfe3640bf/numpy-2.2.6-pp310-pypy310_pp73-win_amd64.whl", hash = "sha256:d042d24c90c41b54fd506da306759e06e568864df8ec17ccc17e9e884634fd00", size = 12812666, upload-time = "2025-05-17T21:45:31.426Z" },
]

[[package]]
name = "sleep-detector"
version = "0.1.0"
source = { virtual = "." }
dependencies = [
    { name = "cbor2", version = "5.9.0", source = { registry = "https://pypi.org/simple" }, marker = "python_full_version < '3.10'" },
    { name = "cbor2", version = "6.0.1", source = { registry = "https://pypi.org/simple" }, marker = "python_full_version >= '3.10'" },
    { name = "numpy", version = "2.0.2", source = { registry = "https://pypi.org/simple" }, marker = "python_full_version < '3.10'" },
    { name = "numpy", version = "2.2.6", source = { registry = "https://pypi.org/simple" }, marker = "python_full_version >= '3.10'" },
]

[package.metadata]
requires-dist = [
    { name = "cbor2", specifier = ">=5.9.0" },
    { name = "numpy", specifier = ">=2.0.2" },
]
